// !$*UTF8*$!
{
	archiveVersion = 1;
	classes = {
	};
	objectVersion = 46;
	objects = {

/* Begin PBXBuildFile section */
		FD7620D71CD0146C00907E60 /* AppDelegate.swift in Sources */ = {isa = PBXBuildFile; fileRef = FD7620D61CD0146C00907E60 /* AppDelegate.swift */; };
		FD7620D91CD0146C00907E60 /* ViewController.swift in Sources */ = {isa = PBXBuildFile; fileRef = FD7620D81CD0146C00907E60 /* ViewController.swift */; };
		FD7620DC1CD0146C00907E60 /* Main.storyboard in Resources */ = {isa = PBXBuildFile; fileRef = FD7620DA1CD0146C00907E60 /* Main.storyboard */; };
		FD7620DE1CD0146C00907E60 /* Assets.xcassets in Resources */ = {isa = PBXBuildFile; fileRef = FD7620DD1CD0146C00907E60 /* Assets.xcassets */; };
		FD7620E11CD0146C00907E60 /* LaunchScreen.storyboard in Resources */ = {isa = PBXBuildFile; fileRef = FD7620DF1CD0146C00907E60 /* LaunchScreen.storyboard */; };
		FDD281721CD2F49C00D9772E /* PlayersViewController.swift in Sources */ = {isa = PBXBuildFile; fileRef = FDD281711CD2F49C00D9772E /* PlayersViewController.swift */; };
		FDD281741CD2F61100D9772E /* Player.swift in Sources */ = {isa = PBXBuildFile; fileRef = FDD281731CD2F61100D9772E /* Player.swift */; };
		FDD281761CD2F65F00D9772E /* SampleData.swift in Sources */ = {isa = PBXBuildFile; fileRef = FDD281751CD2F65F00D9772E /* SampleData.swift */; };
		FDD281781CD345ED00D9772E /* PlayerCell.swift in Sources */ = {isa = PBXBuildFile; fileRef = FDD281771CD345ED00D9772E /* PlayerCell.swift */; };
/* End PBXBuildFile section */

/* Begin PBXFileReference section */
		FD7620D31CD0146C00907E60 /* Ratings.app */ = {isa = PBXFileReference; explicitFileType = wrapper.application; includeInIndex = 0; path = Ratings.app; sourceTree = BUILT_PRODUCTS_DIR; };
		FD7620D61CD0146C00907E60 /* AppDelegate.swift */ = {isa = PBXFileReference; lastKnownFileType = sourcecode.swift; path = AppDelegate.swift; sourceTree = "<group>"; };
		FD7620D81CD0146C00907E60 /* ViewController.swift */ = {isa = PBXFileReference; lastKnownFileType = sourcecode.swift; path = ViewController.swift; sourceTree = "<group>"; };
		FD7620DB1CD0146C00907E60 /* Base */ = {isa = PBXFileReference; lastKnownFileType = file.storyboard; name = Base; path = Base.lproj/Main.storyboard; sourceTree = "<group>"; };
		FD7620DD1CD0146C00907E60 /* Assets.xcassets */ = {isa = PBXFileReference; lastKnownFileType = folder.assetcatalog; path = Assets.xcassets; sourceTree = "<group>"; };
		FD7620E01CD0146C00907E60 /* Base */ = {isa = PBXFileReference; lastKnownFileType = file.storyboard; name = Base; path = Base.lproj/LaunchScreen.storyboard; sourceTree = "<group>"; };
		FD7620E21CD0146C00907E60 /* Info.plist */ = {isa = PBXFileReference; lastKnownFileType = text.plist.xml; path = Info.plist; sourceTree = "<group>"; };
		FDD281711CD2F49C00D9772E /* PlayersViewController.swift */ = {isa = PBXFileReference; fileEncoding = 4; lastKnownFileType = sourcecode.swift; path = PlayersViewController.swift; sourceTree = "<group>"; };
		FDD281731CD2F61100D9772E /* Player.swift */ = {isa = PBXFileReference; fileEncoding = 4; lastKnownFileType = sourcecode.swift; path = Player.swift; sourceTree = "<group>"; };
		FDD281751CD2F65F00D9772E /* SampleData.swift */ = {isa = PBXFileReference; fileEncoding = 4; lastKnownFileType = sourcecode.swift; path = SampleData.swift; sourceTree = "<group>"; };
		FDD281771CD345ED00D9772E /* PlayerCell.swift */ = {isa = PBXFileReference; fileEncoding = 4; lastKnownFileType = sourcecode.swift; path = PlayerCell.swift; sourceTree = "<group>"; };
/* End PBXFileReference section */

/* Begin PBXFrameworksBuildPhase section */
		FD7620D01CD0146C00907E60 /* Frameworks */ = {
			isa = PBXFrameworksBuildPhase;
			buildActionMask = 2147483647;
			files = (
			);
			runOnlyForDeploymentPostprocessing = 0;
		};
/* End PBXFrameworksBuildPhase section */

/* Begin PBXGroup section */
		FD7620CA1CD0146B00907E60 = {
			isa = PBXGroup;
			children = (
				FD7620D51CD0146C00907E60 /* Ratings */,
				FD7620D41CD0146C00907E60 /* Products */,
			);
			sourceTree = "<group>";
		};
		FD7620D41CD0146C00907E60 /* Products */ = {
			isa = PBXGroup;
			children = (
				FD7620D31CD0146C00907E60 /* Ratings.app */,
			);
			name = Products;
			sourceTree = "<group>";
		};
		FD7620D51CD0146C00907E60 /* Ratings */ = {
			isa = PBXGroup;
			children = (
				FD7620D61CD0146C00907E60 /* AppDelegate.swift */,
				FD7620D81CD0146C00907E60 /* ViewController.swift */,
				FD7620DA1CD0146C00907E60 /* Main.storyboard */,
				FDD281771CD345ED00D9772E /* PlayerCell.swift */,
				FDD281731CD2F61100D9772E /* Player.swift */,
				FDD281751CD2F65F00D9772E /* SampleData.swift */,
				FDD281711CD2F49C00D9772E /* PlayersViewController.swift */,
				FD7620DD1CD0146C00907E60 /* Assets.xcassets */,
				FD7620DF1CD0146C00907E60 /* LaunchScreen.storyboard */,
				FD7620E21CD0146C00907E60 /* Info.plist */,
			);
			path = Ratings;
			sourceTree = "<group>";
		};
/* End PBXGroup section */

/* Begin PBXNativeTarget section */
		FD7620D21CD0146C00907E60 /* Ratings */ = {
			isa = PBXNativeTarget;
			buildConfigurationList = FD7620E51CD0146C00907E60 /* Build configuration list for PBXNativeTarget "Ratings" */;
			buildPhases = (
				FD7620CF1CD0146C00907E60 /* Sources */,
				FD7620D01CD0146C00907E60 /* Frameworks */,
				FD7620D11CD0146C00907E60 /* Resources */,
			);
			buildRules = (
			);
			dependencies = (
			);
			name = Ratings;
			productName = Ratings;
			productReference = FD7620D31CD0146C00907E60 /* Ratings.app */;
			productType = "com.apple.product-type.application";
		};
/* End PBXNativeTarget section */

/* Begin PBXProject section */
		FD7620CB1CD0146B00907E60 /* Project object */ = {
			isa = PBXProject;
			attributes = {
				LastSwiftUpdateCheck = 0730;
				LastUpgradeCheck = 0730;
				ORGANIZATIONNAME = "Aieswarya Manicka";
				TargetAttributes = {
					FD7620D21CD0146C00907E60 = {
						CreatedOnToolsVersion = 7.3;
					};
				};
			};
			buildConfigurationList = FD7620CE1CD0146B00907E60 /* Build configuration list for PBXProject "Ratings" */;
			compatibilityVersion = "Xcode 3.2";
			developmentRegion = English;
			hasScannedForEncodings = 0;
			knownRegions = (
				en,
				Base,
			);
			mainGroup = FD7620CA1CD0146B00907E60;
			productRefGroup = FD7620D41CD0146C00907E60 /* Products */;
			projectDirPath = "";
			projectRoot = "";
			targets = (
				FD7620D21CD0146C00907E60 /* Ratings */,
			);
		};
/* End PBXProject section */

/* Begin PBXResourcesBuildPhase section */
		FD7620D11CD0146C00907E60 /* Resources */ = {
			isa = PBXResourcesBuildPhase;
			buildActionMask = 2147483647;
			files = (
				FD7620E11CD0146C00907E60 /* LaunchScreen.storyboard in Resources */,
				FD7620DE1CD0146C00907E60 /* Assets.xcassets in Resources */,
				FD7620DC1CD0146C00907E60 /* Main.storyboard in Resources */,
			);
			runOnlyForDeploymentPostprocessing = 0;
		};
/* End PBXResourcesBuildPhase section */

/* Begin PBXSourcesBuildPhase section */
		FD7620CF1CD0146C00907E60 /* Sources */ = {
			isa = PBXSourcesBuildPhase;
			buildActionMask = 2147483647;
			files = (
				FDD281781CD345ED00D9772E /* PlayerCell.swift in Sources */,
				FDD281741CD2F61100D9772E /* Player.swift in Sources */,
				FD7620D91CD0146C00907E60 /* ViewController.swift in Sources */,
				FD7620D71CD0146C00907E60 /* AppDelegate.swift in Sources */,
				FDD281761CD2F65F00D9772E /* SampleData.swift in Sources */,
				FDD281721CD2F49C00D9772E /* PlayersViewController.swift in Sources */,
			);
			runOnlyForDeploymentPostprocessing = 0;
		};
/* End PBXSourcesBuildPhase section */

/* Begin PBXVariantGroup section */
		FD7620DA1CD0146C00907E60 /* Main.storyboard */ = {
			isa = PBXVariantGroup;
			children = (
				FD7620DB1CD0146C00907E60 /* Base */,
			);
			name = Main.storyboard;
			sourceTree = "<group>";
		};
		FD7620DF1CD0146C00907E60 /* LaunchScreen.storyboard */ = {
			isa = PBXVariantGroup;
			children = (
				FD7620E01CD0146C00907E60 /* Base */,
			);
			name = LaunchScreen.storyboard;
			sourceTree = "<group>";
		};
/* End PBXVariantGroup section */

/* Begin XCBuildConfiguration section */
		FD7620E31CD0146C00907E60 /* Debug */ = {
			isa = XCBuildConfiguration;
			buildSettings = {
				ALWAYS_SEARCH_USER_PATHS = NO;
				CLANG_ANALYZER_NONNULL = YES;
				CLANG_CXX_LANGUAGE_STANDARD = "gnu++0x";
				CLANG_CXX_LIBRARY = "libc++";
				CLANG_ENABLE_MODULES = YES;
				CLANG_ENABLE_OBJC_ARC = YES;
				CLANG_WARN_BOOL_CONVERSION = YES;
				CLANG_WARN_CONSTANT_CONVERSION = YES;
				CLANG_WARN_DIRECT_OBJC_ISA_USAGE = YES_ERROR;
				CLANG_WARN_EMPTY_BODY = YES;
				CLANG_WARN_ENUM_CONVERSION = YES;
				CLANG_WARN_INT_CONVERSION = YES;
				CLANG_WARN_OBJC_ROOT_CLASS = YES_ERROR;
				CLANG_WARN_UNREACHABLE_CODE = YES;
				CLANG_WARN__DUPLICATE_METHOD_MATCH = YES;
				"CODE_SIGN_IDENTITY[sdk=iphoneos*]" = "iPhone Developer";
				COPY_PHASE_STRIP = NO;
				DEBUG_INFORMATION_FORMAT = dwarf;
				ENABLE_STRICT_OBJC_MSGSEND = YES;
				ENABLE_TESTABILITY = YES;
				GCC_C_LANGUAGE_STANDARD = gnu99;
				GCC_DYNAMIC_NO_PIC = NO;
				GCC_NO_COMMON_BLOCKS = YES;
				GCC_OPTIMIZATION_LEVEL = 0;
				GCC_PREPROCESSOR_DEFINITIONS = (
					"DEBUG=1",
					"$(inherited)",
				);
				GCC_WARN_64_TO_32_BIT_CONVERSION = YES;
				GCC_WARN_ABOUT_RETURN_TYPE = YES_ERROR;
				GCC_WARN_UNDECLARED_SELECTOR = YES;
				GCC_WARN_UNINITIALIZED_AUTOS = YES_AGGRESSIVE;
				GCC_WARN_UNUSED_FUNCTION = YES;
				GCC_WARN_UNUSED_VARIABLE = YES;
				IPHONEOS_DEPLOYMENT_TARGET = 9.3;
				MTL_ENABLE_DEBUG_INFO = YES;
				ONLY_ACTIVE_ARCH = YES;
				SDKROOT = iphoneos;
				SWIFT_OPTIMIZATION_LEVEL = "-Onone";
			};
			name = Debug;
		};
		FD7620E41CD0146C00907E60 /* Release */ = {
			isa = XCBuildConfiguration;
			buildSettings = {
				ALWAYS_SEARCH_USER_PATHS = NO;
				CLANG_ANALYZER_NONNULL = YES;
				CLANG_CXX_LANGUAGE_STANDARD = "gnu++0x";
				CLANG_CXX_LIBRARY = "libc++";
				CLANG_ENABLE_MODULES = YES;
				CLANG_ENABLE_OBJC_ARC = YES;
				CLANG_WARN_BOOL_CONVERSION = YES;
				CLANG_WARN_CONSTANT_CONVERSION = YES;
				CLANG_WARN_DIRECT_OBJC_ISA_USAGE = YES_ERROR;
				CLANG_WARN_EMPTY_BODY = YES;
				CLANG_WARN_ENUM_CONVERSION = YES;
				CLANG_WARN_INT_CONVERSION = YES;
				CLANG_WARN_OBJC_ROOT_CLASS = YES_ERROR;
				CLANG_WARN_UNREACHABLE_CODE = YES;
				CLANG_WARN__DUPLICATE_METHOD_MATCH = YES;
				"CODE_SIGN_IDENTITY[sdk=iphoneos*]" = "iPhone Developer";
				COPY_PHASE_STRIP = NO;
				DEBUG_INFORMATION_FORMAT = "dwarf-with-dsym";
				ENABLE_NS_ASSERTIONS = NO;
				ENABLE_STRICT_OBJC_MSGSEND = YES;
				GCC_C_LANGUAGE_STANDARD = gnu99;
				GCC_NO_COMMON_BLOCKS = YES;
				GCC_WARN_64_TO_32_BIT_CONVERSION = YES;
				GCC_WARN_ABOUT_RETURN_TYPE = YES_ERROR;
				GCC_WARN_UNDECLARED_SELECTOR = YES;
				GCC_WARN_UNINITIALIZED_AUTOS = YES_AGGRESSIVE;
				GCC_WARN_UNUSED_FUNCTION = YES;
				GCC_WARN_UNUSED_VARIABLE = YES;
				IPHONEOS_DEPLOYMENT_TARGET = 9.3;
				MTL_ENABLE_DEBUG_INFO = NO;
				SDKROOT = iphoneos;
				VALIDATE_PRODUCT = YES;
			};
			name = Release;
		};
		FD7620E61CD0146C00907E60 /* Debug */ = {
			isa = XCBuildConfiguration;
			buildSettings = {
				ASSETCATALOG_COMPILER_APPICON_NAME = AppIcon;
				INFOPLIST_FILE = Ratings/Info.plist;
				LD_RUNPATH_SEARCH_PATHS = "$(inherited) @executable_path/Frameworks";
				PRODUCT_BUNDLE_IDENTIFIER = com.ucsd.aieswarya.Ratings;
				PRODUCT_NAME = "$(TARGET_NAME)";
			};
			name = Debug;
		};
		FD7620E71CD0146C00907E60 /* Release */ = {
			isa = XCBuildConfiguration;
			buildSettings = {
				ASSETCATALOG_COMPILER_APPICON_NAME = AppIcon;
				INFOPLIST_FILE = Ratings/Info.plist;
				LD_RUNPATH_SEARCH_PATHS = "$(inherited) @executable_path/Frameworks";
				PRODUCT_BUNDLE_IDENTIFIER = com.ucsd.aieswarya.Ratings;
				PRODUCT_NAME = "$(TARGET_NAME)";
			};
			name = Release;
		};
/* End XCBuildConfiguration section */

/* Begin XCConfigurationList section */
		FD7620CE1CD0146B00907E60 /* Build configuration list for PBXProject "Ratings" */ = {
			isa = XCConfigurationList;
			buildConfigurations = (
				FD7620E31CD0146C00907E60 /* Debug */,
				FD7620E41CD0146C00907E60 /* Release */,
			);
			defaultConfigurationIsVisible = 0;
			defaultConfigurationName = Release;
		};
		FD7620E51CD0146C00907E60 /* Build configuration list for PBXNativeTarget "Ratings" */ = {
			isa = XCConfigurationList;
			buildConfigurations = (
				FD7620E61CD0146C00907E60 /* Debug */,
				FD7620E71CD0146C00907E60 /* Release */,
			);
			defaultConfigurationIsVisible = 0;
			defaultConfigurationName = Release;
		};
/* End XCConfigurationList section */
	};
	rootObject = FD7620CB1CD0146B00907E60 /* Project object */;
}
